
Microsoft Visual Studio Solution File, Format Version 12.00
# Visual Studio 15
VisualStudioVersion = 15.0.28010.2050
MinimumVisualStudioVersion = 10.0.40219.1
Project("{FAE04EC0-301F-11D3-BF4B-00C04F79EFBC}") = "CommandDispatcher.Test", "XUnitTestProject1\CommandDispatcher.Test.csproj", "{A1EE3DC7-8377-46CA-8D09-FE875C0AD9A4}"
EndProject
Project("{FAE04EC0-301F-11D3-BF4B-00C04F79EFBC}") = "CommandDispatcher.Core", "CommandDispatcher.Core\CommandDispatcher.Core.csproj", "{5C1432A1-AC19-41E6-924B-857AE5863A25}"
EndProject
Global
	GlobalSection(SolutionConfigurationPlatforms) = preSolution
		Debug|Any CPU = Debug|Any CPU
		Release|Any CPU = Release|Any CPU
	EndGlobalSection
	GlobalSection(ProjectConfigurationPlatforms) = postSolution
		{A1EE3DC7-8377-46CA-8D09-FE875C0AD9A4}.Debug|Any CPU.ActiveCfg = Debug|Any CPU
		{A1EE3DC7-8377-46CA-8D09-FE875C0AD9A4}.Debug|Any CPU.Build.0 = Debug|Any CPU
		{A1EE3DC7-8377-46CA-8D09-FE875C0AD9A4}.Release|Any CPU.ActiveCfg = Release|Any CPU
		{A1EE3DC7-8377-46CA-8D09-FE875C0AD9A4}.Release|Any CPU.Build.0 = Release|Any CPU
		{5C1432A1-AC19-41E6-924B-857AE5863A25}.Debug|Any CPU.ActiveCfg = Debug|Any CPU
		{5C1432A1-AC19-41E6-924B-857AE5863A25}.Debug|Any CPU.Build.0 = Debug|Any CPU
		{5C1432A1-AC19-41E6-924B-857AE5863A25}.Release|Any CPU.ActiveCfg = Release|Any CPU
		{5C1432A1-AC19-41E6-924B-857AE5863A25}.Release|Any CPU.Build.0 = Release|Any CPU
	EndGlobalSection
	GlobalSection(SolutionProperties) = preSolution
		HideSolutionNode = FALSE
	EndGlobalSection
	GlobalSection(ExtensibilityGlobals) = postSolution
		SolutionGuid = {8F6763A5-BDE1-4F04-BE46-C2CDF5070266}
	EndGlobalSection
EndGlobal
